// !$*UTF8*$!
{
	archiveVersion = 1;
	classes = {
	};
	objectVersion = 50;
	objects = {

/* Begin PBXBuildFile section */
		A8607ACE234E7519001A5553 /* MemeDetailViewController.swift in Sources */ = {isa = PBXBuildFile; fileRef = A8607ACD234E7519001A5553 /* MemeDetailViewController.swift */; };
		A876D12B234D7A0C002D88C4 /* AppDelegate.swift in Sources */ = {isa = PBXBuildFile; fileRef = A876D12A234D7A0C002D88C4 /* AppDelegate.swift */; };
		A876D12D234D7A0C002D88C4 /* SceneDelegate.swift in Sources */ = {isa = PBXBuildFile; fileRef = A876D12C234D7A0C002D88C4 /* SceneDelegate.swift */; };
		A876D12F234D7A0C002D88C4 /* MemeEditorViewController.swift in Sources */ = {isa = PBXBuildFile; fileRef = A876D12E234D7A0C002D88C4 /* MemeEditorViewController.swift */; };
		A876D132234D7A0C002D88C4 /* Main.storyboard in Resources */ = {isa = PBXBuildFile; fileRef = A876D130234D7A0C002D88C4 /* Main.storyboard */; };
		A876D134234D7A0E002D88C4 /* Assets.xcassets in Resources */ = {isa = PBXBuildFile; fileRef = A876D133234D7A0E002D88C4 /* Assets.xcassets */; };
		A876D137234D7A0E002D88C4 /* LaunchScreen.storyboard in Resources */ = {isa = PBXBuildFile; fileRef = A876D135234D7A0E002D88C4 /* LaunchScreen.storyboard */; };
		A876D13F234D7A77002D88C4 /* MemeMe.swift in Sources */ = {isa = PBXBuildFile; fileRef = A876D13E234D7A77002D88C4 /* MemeMe.swift */; };
		A876D141234D7BEC002D88C4 /* SentMemesCollectionViewController.swift in Sources */ = {isa = PBXBuildFile; fileRef = A876D140234D7BEC002D88C4 /* SentMemesCollectionViewController.swift */; };
		A876D143234D7C03002D88C4 /* SentMemesTableViewController.swift in Sources */ = {isa = PBXBuildFile; fileRef = A876D142234D7C03002D88C4 /* SentMemesTableViewController.swift */; };
/* End PBXBuildFile section */

/* Begin PBXFileReference section */
		A8607ACD234E7519001A5553 /* MemeDetailViewController.swift */ = {isa = PBXFileReference; lastKnownFileType = sourcecode.swift; path = MemeDetailViewController.swift; sourceTree = "<group>"; };
		A876D127234D7A0C002D88C4 /* MemeMe 2.0.app */ = {isa = PBXFileReference; explicitFileType = wrapper.application; includeInIndex = 0; path = "MemeMe 2.0.app"; sourceTree = BUILT_PRODUCTS_DIR; };
		A876D12A234D7A0C002D88C4 /* AppDelegate.swift */ = {isa = PBXFileReference; lastKnownFileType = sourcecode.swift; path = AppDelegate.swift; sourceTree = "<group>"; };
		A876D12C234D7A0C002D88C4 /* SceneDelegate.swift */ = {isa = PBXFileReference; lastKnownFileType = sourcecode.swift; path = SceneDelegate.swift; sourceTree = "<group>"; };
		A876D12E234D7A0C002D88C4 /* MemeEditorViewController.swift */ = {isa = PBXFileReference; lastKnownFileType = sourcecode.swift; path = MemeEditorViewController.swift; sourceTree = "<group>"; };
		A876D131234D7A0C002D88C4 /* Base */ = {isa = PBXFileReference; lastKnownFileType = file.storyboard; name = Base; path = Base.lproj/Main.storyboard; sourceTree = "<group>"; };
		A876D133234D7A0E002D88C4 /* Assets.xcassets */ = {isa = PBXFileReference; lastKnownFileType = folder.assetcatalog; path = Assets.xcassets; sourceTree = "<group>"; };
		A876D136234D7A0E002D88C4 /* Base */ = {isa = PBXFileReference; lastKnownFileType = file.storyboard; name = Base; path = Base.lproj/LaunchScreen.storyboard; sourceTree = "<group>"; };
		A876D138234D7A0E002D88C4 /* Info.plist */ = {isa = PBXFileReference; lastKnownFileType = text.plist.xml; path = Info.plist; sourceTree = "<group>"; };
		A876D13E234D7A77002D88C4 /* MemeMe.swift */ = {isa = PBXFileReference; lastKnownFileType = sourcecode.swift; path = MemeMe.swift; sourceTree = "<group>"; };
		A876D140234D7BEC002D88C4 /* SentMemesCollectionViewController.swift */ = {isa = PBXFileReference; lastKnownFileType = sourcecode.swift; path = SentMemesCollectionViewController.swift; sourceTree = "<group>"; };
		A876D142234D7C03002D88C4 /* SentMemesTableViewController.swift */ = {isa = PBXFileReference; lastKnownFileType = sourcecode.swift; path = SentMemesTableViewController.swift; sourceTree = "<group>"; };
/* End PBXFileReference section */

/* Begin PBXFrameworksBuildPhase section */
		A876D124234D7A0C002D88C4 /* Frameworks */ = {
			isa = PBXFrameworksBuildPhase;
			buildActionMask = 2147483647;
			files = (
			);
			runOnlyForDeploymentPostprocessing = 0;
		};
/* End PBXFrameworksBuildPhase section */

/* Begin PBXGroup section */
		A876D11E234D7A0C002D88C4 = {
			isa = PBXGroup;
			children = (
				A876D129234D7A0C002D88C4 /* MemeMe 2.0 */,
				A876D128234D7A0C002D88C4 /* Products */,
			);
			sourceTree = "<group>";
		};
		A876D128234D7A0C002D88C4 /* Products */ = {
			isa = PBXGroup;
			children = (
				A876D127234D7A0C002D88C4 /* MemeMe 2.0.app */,
			);
			name = Products;
			sourceTree = "<group>";
		};
		A876D129234D7A0C002D88C4 /* MemeMe 2.0 */ = {
			isa = PBXGroup;
			children = (
				A876D12A234D7A0C002D88C4 /* AppDelegate.swift */,
				A876D12C234D7A0C002D88C4 /* SceneDelegate.swift */,
				A876D12E234D7A0C002D88C4 /* MemeEditorViewController.swift */,
				A876D140234D7BEC002D88C4 /* SentMemesCollectionViewController.swift */,
				A876D142234D7C03002D88C4 /* SentMemesTableViewController.swift */,
				A8607ACD234E7519001A5553 /* MemeDetailViewController.swift */,
				A876D13E234D7A77002D88C4 /* MemeMe.swift */,
				A876D130234D7A0C002D88C4 /* Main.storyboard */,
				A876D133234D7A0E002D88C4 /* Assets.xcassets */,
				A876D135234D7A0E002D88C4 /* LaunchScreen.storyboard */,
				A876D138234D7A0E002D88C4 /* Info.plist */,
			);
			path = "MemeMe 2.0";
			sourceTree = "<group>";
		};
/* End PBXGroup section */

/* Begin PBXNativeTarget section */
		A876D126234D7A0C002D88C4 /* MemeMe 2.0 */ = {
			isa = PBXNativeTarget;
			buildConfigurationList = A876D13B234D7A0E002D88C4 /* Build configuration list for PBXNativeTarget "MemeMe 2.0" */;
			buildPhases = (
				A876D123234D7A0C002D88C4 /* Sources */,
				A876D124234D7A0C002D88C4 /* Frameworks */,
				A876D125234D7A0C002D88C4 /* Resources */,
			);
			buildRules = (
			);
			dependencies = (
			);
			name = "MemeMe 2.0";
			productName = "MemeMe 2.0";
			productReference = A876D127234D7A0C002D88C4 /* MemeMe 2.0.app */;
			productType = "com.apple.product-type.application";
		};
/* End PBXNativeTarget section */

/* Begin PBXProject section */
		A876D11F234D7A0C002D88C4 /* Project object */ = {
			isa = PBXProject;
			attributes = {
				LastSwiftUpdateCheck = 1100;
				LastUpgradeCheck = 1100;
				ORGANIZATIONNAME = udacity;
				TargetAttributes = {
					A876D126234D7A0C002D88C4 = {
						CreatedOnToolsVersion = 11.0;
					};
				};
			};
			buildConfigurationList = A876D122234D7A0C002D88C4 /* Build configuration list for PBXProject "MemeMe 2.0" */;
			compatibilityVersion = "Xcode 9.3";
			developmentRegion = en;
			hasScannedForEncodings = 0;
			knownRegions = (
				en,
				Base,
			);
			mainGroup = A876D11E234D7A0C002D88C4;
			productRefGroup = A876D128234D7A0C002D88C4 /* Products */;
			projectDirPath = "";
			projectRoot = "";
			targets = (
				A876D126234D7A0C002D88C4 /* MemeMe 2.0 */,
			);
		};
/* End PBXProject section */

/* Begin PBXResourcesBuildPhase section */
		A876D125234D7A0C002D88C4 /* Resources */ = {
			isa = PBXResourcesBuildPhase;
			buildActionMask = 2147483647;
			files = (
				A876D137234D7A0E002D88C4 /* LaunchScreen.storyboard in Resources */,
				A876D134234D7A0E002D88C4 /* Assets.xcassets in Resources */,
				A876D132234D7A0C002D88C4 /* Main.storyboard in Resources */,
			);
			runOnlyForDeploymentPostprocessing = 0;
		};
/* End PBXResourcesBuildPhase section */

/* Begin PBXSourcesBuildPhase section */
		A876D123234D7A0C002D88C4 /* Sources */ = {
			isa = PBXSourcesBuildPhase;
			buildActionMask = 2147483647;
			files = (
				A876D12F234D7A0C002D88C4 /* MemeEditorViewController.swift in Sources */,
				A876D143234D7C03002D88C4 /* SentMemesTableViewController.swift in Sources */,
				A876D13F234D7A77002D88C4 /* MemeMe.swift in Sources */,
				A876D141234D7BEC002D88C4 /* SentMemesCollectionViewController.swift in Sources */,
				A8607ACE234E7519001A5553 /* MemeDetailViewController.swift in Sources */,
				A876D12B234D7A0C002D88C4 /* AppDelegate.swift in Sources */,
				A876D12D234D7A0C002D88C4 /* SceneDelegate.swift in Sources */,
			);
			runOnlyForDeploymentPostprocessing = 0;
		};
/* End PBXSourcesBuildPhase section */

/* Begin PBXVariantGroup section */
		A876D130234D7A0C002D88C4 /* Main.storyboard */ = {
			isa = PBXVariantGroup;
			children = (
				A876D131234D7A0C002D88C4 /* Base */,
			);
			name = Main.storyboard;
			sourceTree = "<group>";
		};
		A876D135234D7A0E002D88C4 /* LaunchScreen.storyboard */ = {
			isa = PBXVariantGroup;
			children = (
				A876D136234D7A0E002D88C4 /* Base */,
			);
			name = LaunchScreen.storyboard;
			sourceTree = "<group>";
		};
/* End PBXVariantGroup section */

/* Begin XCBuildConfiguration section */
		A876D139234D7A0E002D88C4 /* Debug */ = {
			isa = XCBuildConfiguration;
			buildSettings = {
				ALWAYS_SEARCH_USER_PATHS = NO;
				CLANG_ANALYZER_NONNULL = YES;
				CLANG_ANALYZER_NUMBER_OBJECT_CONVERSION = YES_AGGRESSIVE;
				CLANG_CXX_LANGUAGE_STANDARD = "gnu++14";
				CLANG_CXX_LIBRARY = "libc++";
				CLANG_ENABLE_MODULES = YES;
				CLANG_ENABLE_OBJC_ARC = YES;
				CLANG_ENABLE_OBJC_WEAK = YES;
				CLANG_WARN_BLOCK_CAPTURE_AUTORELEASING = YES;
				CLANG_WARN_BOOL_CONVERSION = YES;
				CLANG_WARN_COMMA = YES;
				CLANG_WARN_CONSTANT_CONVERSION = YES;
				CLANG_WARN_DEPRECATED_OBJC_IMPLEMENTATIONS = YES;
				CLANG_WARN_DIRECT_OBJC_ISA_USAGE = YES_ERROR;
				CLANG_WARN_DOCUMENTATION_COMMENTS = YES;
				CLANG_WARN_EMPTY_BODY = YES;
				CLANG_WARN_ENUM_CONVERSION = YES;
				CLANG_WARN_INFINITE_RECURSION = YES;
				CLANG_WARN_INT_CONVERSION = YES;
				CLANG_WARN_NON_LITERAL_NULL_CONVERSION = YES;
				CLANG_WARN_OBJC_IMPLICIT_RETAIN_SELF = YES;
				CLANG_WARN_OBJC_LITERAL_CONVERSION = YES;
				CLANG_WARN_OBJC_ROOT_CLASS = YES_ERROR;
				CLANG_WARN_RANGE_LOOP_ANALYSIS = YES;
				CLANG_WARN_STRICT_PROTOTYPES = YES;
				CLANG_WARN_SUSPICIOUS_MOVE = YES;
				CLANG_WARN_UNGUARDED_AVAILABILITY = YES_AGGRESSIVE;
				CLANG_WARN_UNREACHABLE_CODE = YES;
				CLANG_WARN__DUPLICATE_METHOD_MATCH = YES;
				COPY_PHASE_STRIP = NO;
				DEBUG_INFORMATION_FORMAT = dwarf;
				ENABLE_STRICT_OBJC_MSGSEND = YES;
				ENABLE_TESTABILITY = YES;
				GCC_C_LANGUAGE_STANDARD = gnu11;
				GCC_DYNAMIC_NO_PIC = NO;
				GCC_NO_COMMON_BLOCKS = YES;
				GCC_OPTIMIZATION_LEVEL = 0;
				GCC_PREPROCESSOR_DEFINITIONS = (
					"DEBUG=1",
					"$(inherited)",
				);
				GCC_WARN_64_TO_32_BIT_CONVERSION = YES;
				GCC_WARN_ABOUT_RETURN_TYPE = YES_ERROR;
				GCC_WARN_UNDECLARED_SELECTOR = YES;
				GCC_WARN_UNINITIALIZED_AUTOS = YES_AGGRESSIVE;
				GCC_WARN_UNUSED_FUNCTION = YES;
				GCC_WARN_UNUSED_VARIABLE = YES;
				IPHONEOS_DEPLOYMENT_TARGET = 13.0;
				MTL_ENABLE_DEBUG_INFO = INCLUDE_SOURCE;
				MTL_FAST_MATH = YES;
				ONLY_ACTIVE_ARCH = YES;
				SDKROOT = iphoneos;
				SWIFT_ACTIVE_COMPILATION_CONDITIONS = DEBUG;
				SWIFT_OPTIMIZATION_LEVEL = "-Onone";
			};
			name = Debug;
		};
		A876D13A234D7A0E002D88C4 /* Release */ = {
			isa = XCBuildConfiguration;
			buildSettings = {
				ALWAYS_SEARCH_USER_PATHS = NO;
				CLANG_ANALYZER_NONNULL = YES;
				CLANG_ANALYZER_NUMBER_OBJECT_CONVERSION = YES_AGGRESSIVE;
				CLANG_CXX_LANGUAGE_STANDARD = "gnu++14";
				CLANG_CXX_LIBRARY = "libc++";
				CLANG_ENABLE_MODULES = YES;
				CLANG_ENABLE_OBJC_ARC = YES;
				CLANG_ENABLE_OBJC_WEAK = YES;
				CLANG_WARN_BLOCK_CAPTURE_AUTORELEASING = YES;
				CLANG_WARN_BOOL_CONVERSION = YES;
				CLANG_WARN_COMMA = YES;
				CLANG_WARN_CONSTANT_CONVERSION = YES;
				CLANG_WARN_DEPRECATED_OBJC_IMPLEMENTATIONS = YES;
				CLANG_WARN_DIRECT_OBJC_ISA_USAGE = YES_ERROR;
				CLANG_WARN_DOCUMENTATION_COMMENTS = YES;
				CLANG_WARN_EMPTY_BODY = YES;
				CLANG_WARN_ENUM_CONVERSION = YES;
				CLANG_WARN_INFINITE_RECURSION = YES;
				CLANG_WARN_INT_CONVERSION = YES;
				CLANG_WARN_NON_LITERAL_NULL_CONVERSION = YES;
				CLANG_WARN_OBJC_IMPLICIT_RETAIN_SELF = YES;
				CLANG_WARN_OBJC_LITERAL_CONVERSION = YES;
				CLANG_WARN_OBJC_ROOT_CLASS = YES_ERROR;
				CLANG_WARN_RANGE_LOOP_ANALYSIS = YES;
				CLANG_WARN_STRICT_PROTOTYPES = YES;
				CLANG_WARN_SUSPICIOUS_MOVE = YES;
				CLANG_WARN_UNGUARDED_AVAILABILITY = YES_AGGRESSIVE;
				CLANG_WARN_UNREACHABLE_CODE = YES;
				CLANG_WARN__DUPLICATE_METHOD_MATCH = YES;
				COPY_PHASE_STRIP = NO;
				DEBUG_INFORMATION_FORMAT = "dwarf-with-dsym";
				ENABLE_NS_ASSERTIONS = NO;
				ENABLE_STRICT_OBJC_MSGSEND = YES;
				GCC_C_LANGUAGE_STANDARD = gnu11;
				GCC_NO_COMMON_BLOCKS = YES;
				GCC_WARN_64_TO_32_BIT_CONVERSION = YES;
				GCC_WARN_ABOUT_RETURN_TYPE = YES_ERROR;
				GCC_WARN_UNDECLARED_SELECTOR = YES;
				GCC_WARN_UNINITIALIZED_AUTOS = YES_AGGRESSIVE;
				GCC_WARN_UNUSED_FUNCTION = YES;
				GCC_WARN_UNUSED_VARIABLE = YES;
				IPHONEOS_DEPLOYMENT_TARGET = 13.0;
				MTL_ENABLE_DEBUG_INFO = NO;
				MTL_FAST_MATH = YES;
				SDKROOT = iphoneos;
				SWIFT_COMPILATION_MODE = wholemodule;
				SWIFT_OPTIMIZATION_LEVEL = "-O";
				VALIDATE_PRODUCT = YES;
			};
			name = Release;
		};
		A876D13C234D7A0E002D88C4 /* Debug */ = {
			isa = XCBuildConfiguration;
			buildSettings = {
				ASSETCATALOG_COMPILER_APPICON_NAME = AppIcon;
				CODE_SIGN_STYLE = Automatic;
				INFOPLIST_FILE = "MemeMe 2.0/Info.plist";
				LD_RUNPATH_SEARCH_PATHS = (
					"$(inherited)",
					"@executable_path/Frameworks",
				);
				PRODUCT_BUNDLE_IDENTIFIER = "com.udacity.MemeMe-2-0";
				PRODUCT_NAME = "$(TARGET_NAME)";
				SWIFT_VERSION = 5.0;
				TARGETED_DEVICE_FAMILY = "1,2";
			};
			name = Debug;
		};
		A876D13D234D7A0E002D88C4 /* Release */ = {
			isa = XCBuildConfiguration;
			buildSettings = {
				ASSETCATALOG_COMPILER_APPICON_NAME = AppIcon;
				CODE_SIGN_STYLE = Automatic;
				INFOPLIST_FILE = "MemeMe 2.0/Info.plist";
				LD_RUNPATH_SEARCH_PATHS = (
					"$(inherited)",
					"@executable_path/Frameworks",
				);
				PRODUCT_BUNDLE_IDENTIFIER = "com.udacity.MemeMe-2-0";
				PRODUCT_NAME = "$(TARGET_NAME)";
				SWIFT_VERSION = 5.0;
				TARGETED_DEVICE_FAMILY = "1,2";
			};
			name = Release;
		};
/* End XCBuildConfiguration section */

/* Begin XCConfigurationList section */
		A876D122234D7A0C002D88C4 /* Build configuration list for PBXProject "MemeMe 2.0" */ = {
			isa = XCConfigurationList;
			buildConfigurations = (
				A876D139234D7A0E002D88C4 /* Debug */,
				A876D13A234D7A0E002D88C4 /* Release */,
			);
			defaultConfigurationIsVisible = 0;
			defaultConfigurationName = Release;
		};
		A876D13B234D7A0E002D88C4 /* Build configuration list for PBXNativeTarget "MemeMe 2.0" */ = {
			isa = XCConfigurationList;
			buildConfigurations = (
				A876D13C234D7A0E002D88C4 /* Debug */,
				A876D13D234D7A0E002D88C4 /* Release */,
			);
			defaultConfigurationIsVisible = 0;
			defaultConfigurationName = Release;
		};
/* End XCConfigurationList section */
	};
	rootObject = A876D11F234D7A0C002D88C4 /* Project object */;
}
